
Microsoft Visual Studio Solution File, Format Version 12.00
# Visual Studio Version 16
VisualStudioVersion = 16.0.29709.97
MinimumVisualStudioVersion = 10.0.40219.1
Project("{FAE04EC0-301F-11D3-BF4B-00C04F79EFBC}") = "SalesWebMvc", "SalesWebMvc\SalesWebMvc.csproj", "{68148459-A658-400E-932A-448A9E333142}"
EndProject
Global
	GlobalSection(SolutionConfigurationPlatforms) = preSolution
		Debug|Any CPU = Debug|Any CPU
		Release|Any CPU = Release|Any CPU
	EndGlobalSection
	GlobalSection(ProjectConfigurationPlatforms) = postSolution
		{68148459-A658-400E-932A-448A9E333142}.Debug|Any CPU.ActiveCfg = Debug|Any CPU
		{68148459-A658-400E-932A-448A9E333142}.Debug|Any CPU.Build.0 = Debug|Any CPU
		{68148459-A658-400E-932A-448A9E333142}.Release|Any CPU.ActiveCfg = Release|Any CPU
		{68148459-A658-400E-932A-448A9E333142}.Release|Any CPU.Build.0 = Release|Any CPU
	EndGlobalSection
	GlobalSection(SolutionProperties) = preSolution
		HideSolutionNode = FALSE
	EndGlobalSection
	GlobalSection(ExtensibilityGlobals) = postSolution
		SolutionGuid = {CF1082BE-FADC-46A0-B7CD-C3E2822E1910}
	EndGlobalSection
EndGlobal
